<?xml version="1.0" encoding="utf-8"?>
<Project ToolsVersion="4.0" xmlns="http://schemas.microsoft.com/developer/msbuild/2003">
  <ItemGroup>
    <Filter Include="Файлы исходного кода">
      <UniqueIdentifier>{4FC737F1-C7A5-4376-A066-2A32D752A2FF}</UniqueIdentifier>
      <Extensions>cpp;c;cc;cxx;def;odl;idl;hpj;bat;asm;asmx</Extensions>
    </Filter>
    <Filter Include="Заголовочные файлы">
      <UniqueIdentifier>{93995380-89BD-4b04-88EB-625FBE52EBFB}</UniqueIdentifier>
      <Extensions>h;hpp;hxx;hm;inl;inc;xsd</Extensions>
    </Filter>
    <Filter Include="Файлы ресурсов">
      <UniqueIdentifier>{67DA6AB6-F800-4c08-8B7A-83BB121AAD01}</UniqueIdentifier>
      <Extensions>rc;ico;cur;bmp;dlg;rc2;rct;bin;rgs;gif;jpg;jpeg;jpe;resx;tiff;tif;png;wav;mfcribbon-ms</Extensions>
    </Filter>
    <Filter Include="core">
      <UniqueIdentifier>{dfe6f08c-81f4-40f8-8282-92e6acfdd678}</UniqueIdentifier>
    </Filter>
    <Filter Include="lib">
      <UniqueIdentifier>{bc9b259a-cef0-4795-b74c-24803c31c428}</UniqueIdentifier>
    </Filter>
  </ItemGroup>
  <ItemGroup>
    <ClCompile Include="..\..\src\lapi.cpp">
      <Filter>core</Filter>
    </ClCompile>
    <ClCompile Include="..\..\src\lcode.cpp">
      <Filter>core</Filter>
    </ClCompile>
    <ClCompile Include="..\..\src\lctype.cpp">
      <Filter>core</Filter>
    </ClCompile>
    <ClCompile Include="..\..\src\ldebug.cpp">
      <Filter>core</Filter>
    </ClCompile>
    <ClCompile Include="..\..\src\ldo.cpp">
      <Filter>core</Filter>
    </ClCompile>
    <ClCompile Include="..\..\src\ldump.cpp">
      <Filter>core</Filter>
    </ClCompile>
    <ClCompile Include="..\..\src\lfunc.cpp">
      <Filter>core</Filter>
    </ClCompile>
    <ClCompile Include="..\..\src\lgc.cpp">
      <Filter>core</Filter>
    </ClCompile>
    <ClCompile Include="..\..\src\llex.cpp">
      <Filter>core</Filter>
    </ClCompile>
    <ClCompile Include="..\..\src\lmem.cpp">
      <Filter>core</Filter>
    </ClCompile>
    <ClCompile Include="..\..\src\lobject.cpp">
      <Filter>core</Filter>
    </ClCompile>
    <ClCompile Include="..\..\src\lopcodes.cpp">
      <Filter>core</Filter>
    </ClCompile>
    <ClCompile Include="..\..\src\lparser.cpp">
      <Filter>core</Filter>
    </ClCompile>
    <ClCompile Include="..\..\src\lstate.cpp">
      <Filter>core</Filter>
    </ClCompile>
    <ClCompile Include="..\..\src\lstring.cpp">
      <Filter>core</Filter>
    </ClCompile>
    <ClCompile Include="..\..\src\ltable.cpp">
      <Filter>core</Filter>
    </ClCompile>
    <ClCompile Include="..\..\src\ltm.cpp">
      <Filter>core</Filter>
    </ClCompile>
    <ClCompile Include="..\..\src\lundump.cpp">
      <Filter>core</Filter>
    </ClCompile>
    <ClCompile Include="..\..\src\lvm.cpp">
      <Filter>core</Filter>
    </ClCompile>
    <ClCompile Include="..\..\src\lzio.cpp">
      <Filter>core</Filter>
    </ClCompile>
    <ClCompile Include="..\..\src\lauxlib.cpp">
      <Filter>lib</Filter>
    </ClCompile>
    <ClCompile Include="..\..\src\lbaselib.cpp">
      <Filter>lib</Filter>
    </ClCompile>
    <ClCompile Include="..\..\src\lbitlib.cpp">
      <Filter>lib</Filter>
    </ClCompile>
    <ClCompile Include="..\..\src\lcorolib.cpp">
      <Filter>lib</Filter>
    </ClCompile>
    <ClCompile Include="..\..\src\ldblib.cpp">
      <Filter>lib</Filter>
    </ClCompile>
    <ClCompile Include="..\..\src\linit.cpp">
      <Filter>lib</Filter>
    </ClCompile>
    <ClCompile Include="..\..\src\liolib.cpp">
      <Filter>lib</Filter>
    </ClCompile>
    <ClCompile Include="..\..\src\lmathlib.cpp">
      <Filter>lib</Filter>
    </ClCompile>
    <ClCompile Include="..\..\src\loadlib.cpp">
      <Filter>lib</Filter>
    </ClCompile>
    <ClCompile Include="..\..\src\loslib.cpp">
      <Filter>lib</Filter>
    </ClCompile>
    <ClCompile Include="..\..\src\lstrlib.cpp">
      <Filter>lib</Filter>
    </ClCompile>
    <ClCompile Include="..\..\src\ltablib.cpp">
      <Filter>lib</Filter>
    </ClCompile>
    <ClCompile Include="..\..\src\lutf8lib.cpp">
      <Filter>lib</Filter>
    </ClCompile>
  </ItemGroup>
  <ItemGroup>
    <ClInclude Include="..\..\src\lapi.h">
      <Filter>core</Filter>
    </ClInclude>
    <ClInclude Include="..\..\src\lcode.h">
      <Filter>core</Filter>
    </ClInclude>
    <ClInclude Include="..\..\src\lctype.h">
      <Filter>core</Filter>
    </ClInclude>
    <ClInclude Include="..\..\src\ldebug.h">
      <Filter>core</Filter>
    </ClInclude>
    <ClInclude Include="..\..\src\ldo.h">
      <Filter>core</Filter>
    </ClInclude>
    <ClInclude Include="..\..\src\lfunc.h">
      <Filter>core</Filter>
    </ClInclude>
    <ClInclude Include="..\..\src\lgc.h">
      <Filter>core</Filter>
    </ClInclude>
    <ClInclude Include="..\..\src\llex.h">
      <Filter>core</Filter>
    </ClInclude>
    <ClInclude Include="..\..\src\llimits.h">
      <Filter>core</Filter>
    </ClInclude>
    <ClInclude Include="..\..\src\lmem.h">
      <Filter>core</Filter>
    </ClInclude>
    <ClInclude Include="..\..\src\lobject.h">
      <Filter>core</Filter>
    </ClInclude>
    <ClInclude Include="..\..\src\lopcodes.h">
      <Filter>core</Filter>
    </ClInclude>
    <ClInclude Include="..\..\src\lparser.h">
      <Filter>core</Filter>
    </ClInclude>
    <ClInclude Include="..\..\src\lstate.h">
      <Filter>core</Filter>
    </ClInclude>
    <ClInclude Include="..\..\src\lstring.h">
      <Filter>core</Filter>
    </ClInclude>
    <ClInclude Include="..\..\src\ltable.h">
      <Filter>core</Filter>
    </ClInclude>
    <ClInclude Include="..\..\src\ltm.h">
      <Filter>core</Filter>
    </ClInclude>
    <ClInclude Include="..\..\src\lundump.h">
      <Filter>core</Filter>
    </ClInclude>
    <ClInclude Include="..\..\src\lvm.h">
      <Filter>core</Filter>
    </ClInclude>
    <ClInclude Include="..\..\src\lzio.h">
      <Filter>core</Filter>
    </ClInclude>
    <ClInclude Include="..\..\src\lauxlib.h">
      <Filter>lib</Filter>
    </ClInclude>
  </ItemGroup>
</Project>